// !$*UTF8*$!
{
	archiveVersion = 1;
	classes = {
	};
	objectVersion = 50;
	objects = {

/* Begin PBXBuildFile section */
		58DA1C17272CB85E0024AA35 /* AppDelegate.swift in Sources */ = {isa = PBXBuildFile; fileRef = 58DA1C16272CB85E0024AA35 /* AppDelegate.swift */; };
		58DA1C19272CB85E0024AA35 /* SceneDelegate.swift in Sources */ = {isa = PBXBuildFile; fileRef = 58DA1C18272CB85E0024AA35 /* SceneDelegate.swift */; };
		58DA1C1B272CB85E0024AA35 /* ViewController.swift in Sources */ = {isa = PBXBuildFile; fileRef = 58DA1C1A272CB85E0024AA35 /* ViewController.swift */; };
		58DA1C1E272CB85E0024AA35 /* Main.storyboard in Resources */ = {isa = PBXBuildFile; fileRef = 58DA1C1C272CB85E0024AA35 /* Main.storyboard */; };
		58DA1C20272CB85F0024AA35 /* Assets.xcassets in Resources */ = {isa = PBXBuildFile; fileRef = 58DA1C1F272CB85F0024AA35 /* Assets.xcassets */; };
		58DA1C23272CB85F0024AA35 /* LaunchScreen.storyboard in Resources */ = {isa = PBXBuildFile; fileRef = 58DA1C21272CB85F0024AA35 /* LaunchScreen.storyboard */; };
		58DA1C2C272CB9750024AA35 /* alarma-de-incendios.png in Resources */ = {isa = PBXBuildFile; fileRef = 58DA1C2B272CB9750024AA35 /* alarma-de-incendios.png */; };
/* End PBXBuildFile section */

/* Begin PBXFileReference section */
		58DA1C13272CB85E0024AA35 /* App8-Alertas.app */ = {isa = PBXFileReference; explicitFileType = wrapper.application; includeInIndex = 0; path = "App8-Alertas.app"; sourceTree = BUILT_PRODUCTS_DIR; };
		58DA1C16272CB85E0024AA35 /* AppDelegate.swift */ = {isa = PBXFileReference; lastKnownFileType = sourcecode.swift; path = AppDelegate.swift; sourceTree = "<group>"; };
		58DA1C18272CB85E0024AA35 /* SceneDelegate.swift */ = {isa = PBXFileReference; lastKnownFileType = sourcecode.swift; path = SceneDelegate.swift; sourceTree = "<group>"; };
		58DA1C1A272CB85E0024AA35 /* ViewController.swift */ = {isa = PBXFileReference; lastKnownFileType = sourcecode.swift; path = ViewController.swift; sourceTree = "<group>"; };
		58DA1C1D272CB85E0024AA35 /* Base */ = {isa = PBXFileReference; lastKnownFileType = file.storyboard; name = Base; path = Base.lproj/Main.storyboard; sourceTree = "<group>"; };
		58DA1C1F272CB85F0024AA35 /* Assets.xcassets */ = {isa = PBXFileReference; lastKnownFileType = folder.assetcatalog; path = Assets.xcassets; sourceTree = "<group>"; };
		58DA1C22272CB85F0024AA35 /* Base */ = {isa = PBXFileReference; lastKnownFileType = file.storyboard; name = Base; path = Base.lproj/LaunchScreen.storyboard; sourceTree = "<group>"; };
		58DA1C24272CB85F0024AA35 /* Info.plist */ = {isa = PBXFileReference; lastKnownFileType = text.plist.xml; path = Info.plist; sourceTree = "<group>"; };
		58DA1C2B272CB9750024AA35 /* alarma-de-incendios.png */ = {isa = PBXFileReference; lastKnownFileType = image.png; name = "alarma-de-incendios.png"; path = "../../../../Downloads/alarma-de-incendios.png"; sourceTree = "<group>"; };
/* End PBXFileReference section */

/* Begin PBXFrameworksBuildPhase section */
		58DA1C10272CB85E0024AA35 /* Frameworks */ = {
			isa = PBXFrameworksBuildPhase;
			buildActionMask = 2147483647;
			files = (
			);
			runOnlyForDeploymentPostprocessing = 0;
		};
/* End PBXFrameworksBuildPhase section */

/* Begin PBXGroup section */
		58DA1C0A272CB85E0024AA35 = {
			isa = PBXGroup;
			children = (
				58DA1C15272CB85E0024AA35 /* App8-Alertas */,
				58DA1C14272CB85E0024AA35 /* Products */,
			);
			sourceTree = "<group>";
		};
		58DA1C14272CB85E0024AA35 /* Products */ = {
			isa = PBXGroup;
			children = (
				58DA1C13272CB85E0024AA35 /* App8-Alertas.app */,
			);
			name = Products;
			sourceTree = "<group>";
		};
		58DA1C15272CB85E0024AA35 /* App8-Alertas */ = {
			isa = PBXGroup;
			children = (
				58DA1C16272CB85E0024AA35 /* AppDelegate.swift */,
				58DA1C18272CB85E0024AA35 /* SceneDelegate.swift */,
				58DA1C1A272CB85E0024AA35 /* ViewController.swift */,
				58DA1C1C272CB85E0024AA35 /* Main.storyboard */,
				58DA1C1F272CB85F0024AA35 /* Assets.xcassets */,
				58DA1C2B272CB9750024AA35 /* alarma-de-incendios.png */,
				58DA1C21272CB85F0024AA35 /* LaunchScreen.storyboard */,
				58DA1C24272CB85F0024AA35 /* Info.plist */,
			);
			path = "App8-Alertas";
			sourceTree = "<group>";
		};
/* End PBXGroup section */

/* Begin PBXNativeTarget section */
		58DA1C12272CB85E0024AA35 /* App8-Alertas */ = {
			isa = PBXNativeTarget;
			buildConfigurationList = 58DA1C27272CB85F0024AA35 /* Build configuration list for PBXNativeTarget "App8-Alertas" */;
			buildPhases = (
				58DA1C0F272CB85E0024AA35 /* Sources */,
				58DA1C10272CB85E0024AA35 /* Frameworks */,
				58DA1C11272CB85E0024AA35 /* Resources */,
			);
			buildRules = (
			);
			dependencies = (
			);
			name = "App8-Alertas";
			productName = "App8-Alertas";
			productReference = 58DA1C13272CB85E0024AA35 /* App8-Alertas.app */;
			productType = "com.apple.product-type.application";
		};
/* End PBXNativeTarget section */

/* Begin PBXProject section */
		58DA1C0B272CB85E0024AA35 /* Project object */ = {
			isa = PBXProject;
			attributes = {
				LastSwiftUpdateCheck = 1220;
				LastUpgradeCheck = 1220;
				TargetAttributes = {
					58DA1C12272CB85E0024AA35 = {
						CreatedOnToolsVersion = 12.2;
					};
				};
			};
			buildConfigurationList = 58DA1C0E272CB85E0024AA35 /* Build configuration list for PBXProject "App8-Alertas" */;
			compatibilityVersion = "Xcode 9.3";
			developmentRegion = en;
			hasScannedForEncodings = 0;
			knownRegions = (
				en,
				Base,
			);
			mainGroup = 58DA1C0A272CB85E0024AA35;
			productRefGroup = 58DA1C14272CB85E0024AA35 /* Products */;
			projectDirPath = "";
			projectRoot = "";
			targets = (
				58DA1C12272CB85E0024AA35 /* App8-Alertas */,
			);
		};
/* End PBXProject section */

/* Begin PBXResourcesBuildPhase section */
		58DA1C11272CB85E0024AA35 /* Resources */ = {
			isa = PBXResourcesBuildPhase;
			buildActionMask = 2147483647;
			files = (
				58DA1C23272CB85F0024AA35 /* LaunchScreen.storyboard in Resources */,
				58DA1C20272CB85F0024AA35 /* Assets.xcassets in Resources */,
				58DA1C1E272CB85E0024AA35 /* Main.storyboard in Resources */,
				58DA1C2C272CB9750024AA35 /* alarma-de-incendios.png in Resources */,
			);
			runOnlyForDeploymentPostprocessing = 0;
		};
/* End PBXResourcesBuildPhase section */

/* Begin PBXSourcesBuildPhase section */
		58DA1C0F272CB85E0024AA35 /* Sources */ = {
			isa = PBXSourcesBuildPhase;
			buildActionMask = 2147483647;
			files = (
				58DA1C1B272CB85E0024AA35 /* ViewController.swift in Sources */,
				58DA1C17272CB85E0024AA35 /* AppDelegate.swift in Sources */,
				58DA1C19272CB85E0024AA35 /* SceneDelegate.swift in Sources */,
			);
			runOnlyForDeploymentPostprocessing = 0;
		};
/* End PBXSourcesBuildPhase section */

/* Begin PBXVariantGroup section */
		58DA1C1C272CB85E0024AA35 /* Main.storyboard */ = {
			isa = PBXVariantGroup;
			children = (
				58DA1C1D272CB85E0024AA35 /* Base */,
			);
			name = Main.storyboard;
			sourceTree = "<group>";
		};
		58DA1C21272CB85F0024AA35 /* LaunchScreen.storyboard */ = {
			isa = PBXVariantGroup;
			children = (
				58DA1C22272CB85F0024AA35 /* Base */,
			);
			name = LaunchScreen.storyboard;
			sourceTree = "<group>";
		};
/* End PBXVariantGroup section */

/* Begin XCBuildConfiguration section */
		58DA1C25272CB85F0024AA35 /* Debug */ = {
			isa = XCBuildConfiguration;
			buildSettings = {
				ALWAYS_SEARCH_USER_PATHS = NO;
				CLANG_ANALYZER_NONNULL = YES;
				CLANG_ANALYZER_NUMBER_OBJECT_CONVERSION = YES_AGGRESSIVE;
				CLANG_CXX_LANGUAGE_STANDARD = "gnu++14";
				CLANG_CXX_LIBRARY = "libc++";
				CLANG_ENABLE_MODULES = YES;
				CLANG_ENABLE_OBJC_ARC = YES;
				CLANG_ENABLE_OBJC_WEAK = YES;
				CLANG_WARN_BLOCK_CAPTURE_AUTORELEASING = YES;
				CLANG_WARN_BOOL_CONVERSION = YES;
				CLANG_WARN_COMMA = YES;
				CLANG_WARN_CONSTANT_CONVERSION = YES;
				CLANG_WARN_DEPRECATED_OBJC_IMPLEMENTATIONS = YES;
				CLANG_WARN_DIRECT_OBJC_ISA_USAGE = YES_ERROR;
				CLANG_WARN_DOCUMENTATION_COMMENTS = YES;
				CLANG_WARN_EMPTY_BODY = YES;
				CLANG_WARN_ENUM_CONVERSION = YES;
				CLANG_WARN_INFINITE_RECURSION = YES;
				CLANG_WARN_INT_CONVERSION = YES;
				CLANG_WARN_NON_LITERAL_NULL_CONVERSION = YES;
				CLANG_WARN_OBJC_IMPLICIT_RETAIN_SELF = YES;
				CLANG_WARN_OBJC_LITERAL_CONVERSION = YES;
				CLANG_WARN_OBJC_ROOT_CLASS = YES_ERROR;
				CLANG_WARN_QUOTED_INCLUDE_IN_FRAMEWORK_HEADER = YES;
				CLANG_WARN_RANGE_LOOP_ANALYSIS = YES;
				CLANG_WARN_STRICT_PROTOTYPES = YES;
				CLANG_WARN_SUSPICIOUS_MOVE = YES;
				CLANG_WARN_UNGUARDED_AVAILABILITY = YES_AGGRESSIVE;
				CLANG_WARN_UNREACHABLE_CODE = YES;
				CLANG_WARN__DUPLICATE_METHOD_MATCH = YES;
				COPY_PHASE_STRIP = NO;
				DEBUG_INFORMATION_FORMAT = dwarf;
				ENABLE_STRICT_OBJC_MSGSEND = YES;
				ENABLE_TESTABILITY = YES;
				GCC_C_LANGUAGE_STANDARD = gnu11;
				GCC_DYNAMIC_NO_PIC = NO;
				GCC_NO_COMMON_BLOCKS = YES;
				GCC_OPTIMIZATION_LEVEL = 0;
				GCC_PREPROCESSOR_DEFINITIONS = (
					"DEBUG=1",
					"$(inherited)",
				);
				GCC_WARN_64_TO_32_BIT_CONVERSION = YES;
				GCC_WARN_ABOUT_RETURN_TYPE = YES_ERROR;
				GCC_WARN_UNDECLARED_SELECTOR = YES;
				GCC_WARN_UNINITIALIZED_AUTOS = YES_AGGRESSIVE;
				GCC_WARN_UNUSED_FUNCTION = YES;
				GCC_WARN_UNUSED_VARIABLE = YES;
				IPHONEOS_DEPLOYMENT_TARGET = 14.2;
				MTL_ENABLE_DEBUG_INFO = INCLUDE_SOURCE;
				MTL_FAST_MATH = YES;
				ONLY_ACTIVE_ARCH = YES;
				SDKROOT = iphoneos;
				SWIFT_ACTIVE_COMPILATION_CONDITIONS = DEBUG;
				SWIFT_OPTIMIZATION_LEVEL = "-Onone";
			};
			name = Debug;
		};
		58DA1C26272CB85F0024AA35 /* Release */ = {
			isa = XCBuildConfiguration;
			buildSettings = {
				ALWAYS_SEARCH_USER_PATHS = NO;
				CLANG_ANALYZER_NONNULL = YES;
				CLANG_ANALYZER_NUMBER_OBJECT_CONVERSION = YES_AGGRESSIVE;
				CLANG_CXX_LANGUAGE_STANDARD = "gnu++14";
				CLANG_CXX_LIBRARY = "libc++";
				CLANG_ENABLE_MODULES = YES;
				CLANG_ENABLE_OBJC_ARC = YES;
				CLANG_ENABLE_OBJC_WEAK = YES;
				CLANG_WARN_BLOCK_CAPTURE_AUTORELEASING = YES;
				CLANG_WARN_BOOL_CONVERSION = YES;
				CLANG_WARN_COMMA = YES;
				CLANG_WARN_CONSTANT_CONVERSION = YES;
				CLANG_WARN_DEPRECATED_OBJC_IMPLEMENTATIONS = YES;
				CLANG_WARN_DIRECT_OBJC_ISA_USAGE = YES_ERROR;
				CLANG_WARN_DOCUMENTATION_COMMENTS = YES;
				CLANG_WARN_EMPTY_BODY = YES;
				CLANG_WARN_ENUM_CONVERSION = YES;
				CLANG_WARN_INFINITE_RECURSION = YES;
				CLANG_WARN_INT_CONVERSION = YES;
				CLANG_WARN_NON_LITERAL_NULL_CONVERSION = YES;
				CLANG_WARN_OBJC_IMPLICIT_RETAIN_SELF = YES;
				CLANG_WARN_OBJC_LITERAL_CONVERSION = YES;
				CLANG_WARN_OBJC_ROOT_CLASS = YES_ERROR;
				CLANG_WARN_QUOTED_INCLUDE_IN_FRAMEWORK_HEADER = YES;
				CLANG_WARN_RANGE_LOOP_ANALYSIS = YES;
				CLANG_WARN_STRICT_PROTOTYPES = YES;
				CLANG_WARN_SUSPICIOUS_MOVE = YES;
				CLANG_WARN_UNGUARDED_AVAILABILITY = YES_AGGRESSIVE;
				CLANG_WARN_UNREACHABLE_CODE = YES;
				CLANG_WARN__DUPLICATE_METHOD_MATCH = YES;
				COPY_PHASE_STRIP = NO;
				DEBUG_INFORMATION_FORMAT = "dwarf-with-dsym";
				ENABLE_NS_ASSERTIONS = NO;
				ENABLE_STRICT_OBJC_MSGSEND = YES;
				GCC_C_LANGUAGE_STANDARD = gnu11;
				GCC_NO_COMMON_BLOCKS = YES;
				GCC_WARN_64_TO_32_BIT_CONVERSION = YES;
				GCC_WARN_ABOUT_RETURN_TYPE = YES_ERROR;
				GCC_WARN_UNDECLARED_SELECTOR = YES;
				GCC_WARN_UNINITIALIZED_AUTOS = YES_AGGRESSIVE;
				GCC_WARN_UNUSED_FUNCTION = YES;
				GCC_WARN_UNUSED_VARIABLE = YES;
				IPHONEOS_DEPLOYMENT_TARGET = 14.2;
				MTL_ENABLE_DEBUG_INFO = NO;
				MTL_FAST_MATH = YES;
				SDKROOT = iphoneos;
				SWIFT_COMPILATION_MODE = wholemodule;
				SWIFT_OPTIMIZATION_LEVEL = "-O";
				VALIDATE_PRODUCT = YES;
			};
			name = Release;
		};
		58DA1C28272CB85F0024AA35 /* Debug */ = {
			isa = XCBuildConfiguration;
			buildSettings = {
				ASSETCATALOG_COMPILER_APPICON_NAME = AppIcon;
				ASSETCATALOG_COMPILER_GLOBAL_ACCENT_COLOR_NAME = AccentColor;
				CODE_SIGN_STYLE = Automatic;
				DEVELOPMENT_TEAM = T57F4TVR74;
				INFOPLIST_FILE = "App8-Alertas/Info.plist";
				LD_RUNPATH_SEARCH_PATHS = (
					"$(inherited)",
					"@executable_path/Frameworks",
				);
				PRODUCT_BUNDLE_IDENTIFIER = "MTWDM.App8-Alertas";
				PRODUCT_NAME = "$(TARGET_NAME)";
				SWIFT_VERSION = 5.0;
				TARGETED_DEVICE_FAMILY = "1,2";
			};
			name = Debug;
		};
		58DA1C29272CB85F0024AA35 /* Release */ = {
			isa = XCBuildConfiguration;
			buildSettings = {
				ASSETCATALOG_COMPILER_APPICON_NAME = AppIcon;
				ASSETCATALOG_COMPILER_GLOBAL_ACCENT_COLOR_NAME = AccentColor;
				CODE_SIGN_STYLE = Automatic;
				DEVELOPMENT_TEAM = T57F4TVR74;
				INFOPLIST_FILE = "App8-Alertas/Info.plist";
				LD_RUNPATH_SEARCH_PATHS = (
					"$(inherited)",
					"@executable_path/Frameworks",
				);
				PRODUCT_BUNDLE_IDENTIFIER = "MTWDM.App8-Alertas";
				PRODUCT_NAME = "$(TARGET_NAME)";
				SWIFT_VERSION = 5.0;
				TARGETED_DEVICE_FAMILY = "1,2";
			};
			name = Release;
		};
/* End XCBuildConfiguration section */

/* Begin XCConfigurationList section */
		58DA1C0E272CB85E0024AA35 /* Build configuration list for PBXProject "App8-Alertas" */ = {
			isa = XCConfigurationList;
			buildConfigurations = (
				58DA1C25272CB85F0024AA35 /* Debug */,
				58DA1C26272CB85F0024AA35 /* Release */,
			);
			defaultConfigurationIsVisible = 0;
			defaultConfigurationName = Release;
		};
		58DA1C27272CB85F0024AA35 /* Build configuration list for PBXNativeTarget "App8-Alertas" */ = {
			isa = XCConfigurationList;
			buildConfigurations = (
				58DA1C28272CB85F0024AA35 /* Debug */,
				58DA1C29272CB85F0024AA35 /* Release */,
			);
			defaultConfigurationIsVisible = 0;
			defaultConfigurationName = Release;
		};
/* End XCConfigurationList section */
	};
	rootObject = 58DA1C0B272CB85E0024AA35 /* Project object */;
}
