// !$*UTF8*$!
{
	archiveVersion = 1;
	classes = {
	};
	objectVersion = 50;
	objects = {

/* Begin PBXBuildFile section */
		58DFE9222707CF0000FC6C0D /* AppDelegate.swift in Sources */ = {isa = PBXBuildFile; fileRef = 58DFE9212707CF0000FC6C0D /* AppDelegate.swift */; };
		58DFE9242707CF0000FC6C0D /* SceneDelegate.swift in Sources */ = {isa = PBXBuildFile; fileRef = 58DFE9232707CF0000FC6C0D /* SceneDelegate.swift */; };
		58DFE9262707CF0000FC6C0D /* ViewController.swift in Sources */ = {isa = PBXBuildFile; fileRef = 58DFE9252707CF0000FC6C0D /* ViewController.swift */; };
		58DFE9292707CF0000FC6C0D /* Main.storyboard in Resources */ = {isa = PBXBuildFile; fileRef = 58DFE9272707CF0000FC6C0D /* Main.storyboard */; };
		58DFE92B2707CF0000FC6C0D /* Assets.xcassets in Resources */ = {isa = PBXBuildFile; fileRef = 58DFE92A2707CF0000FC6C0D /* Assets.xcassets */; };
		58DFE92E2707CF0000FC6C0D /* LaunchScreen.storyboard in Resources */ = {isa = PBXBuildFile; fileRef = 58DFE92C2707CF0000FC6C0D /* LaunchScreen.storyboard */; };
		58DFE9372707DE5800FC6C0D /* SegundaViewController.swift in Sources */ = {isa = PBXBuildFile; fileRef = 58DFE9362707DE5800FC6C0D /* SegundaViewController.swift */; };
/* End PBXBuildFile section */

/* Begin PBXFileReference section */
		58DFE91E2707CF0000FC6C0D /* app4-ViewController.app */ = {isa = PBXFileReference; explicitFileType = wrapper.application; includeInIndex = 0; path = "app4-ViewController.app"; sourceTree = BUILT_PRODUCTS_DIR; };
		58DFE9212707CF0000FC6C0D /* AppDelegate.swift */ = {isa = PBXFileReference; lastKnownFileType = sourcecode.swift; path = AppDelegate.swift; sourceTree = "<group>"; };
		58DFE9232707CF0000FC6C0D /* SceneDelegate.swift */ = {isa = PBXFileReference; lastKnownFileType = sourcecode.swift; path = SceneDelegate.swift; sourceTree = "<group>"; };
		58DFE9252707CF0000FC6C0D /* ViewController.swift */ = {isa = PBXFileReference; lastKnownFileType = sourcecode.swift; path = ViewController.swift; sourceTree = "<group>"; };
		58DFE9282707CF0000FC6C0D /* Base */ = {isa = PBXFileReference; lastKnownFileType = file.storyboard; name = Base; path = Base.lproj/Main.storyboard; sourceTree = "<group>"; };
		58DFE92A2707CF0000FC6C0D /* Assets.xcassets */ = {isa = PBXFileReference; lastKnownFileType = folder.assetcatalog; path = Assets.xcassets; sourceTree = "<group>"; };
		58DFE92D2707CF0000FC6C0D /* Base */ = {isa = PBXFileReference; lastKnownFileType = file.storyboard; name = Base; path = Base.lproj/LaunchScreen.storyboard; sourceTree = "<group>"; };
		58DFE92F2707CF0000FC6C0D /* Info.plist */ = {isa = PBXFileReference; lastKnownFileType = text.plist.xml; path = Info.plist; sourceTree = "<group>"; };
		58DFE9362707DE5800FC6C0D /* SegundaViewController.swift */ = {isa = PBXFileReference; lastKnownFileType = sourcecode.swift; path = SegundaViewController.swift; sourceTree = "<group>"; };
/* End PBXFileReference section */

/* Begin PBXFrameworksBuildPhase section */
		58DFE91B2707CF0000FC6C0D /* Frameworks */ = {
			isa = PBXFrameworksBuildPhase;
			buildActionMask = 2147483647;
			files = (
			);
			runOnlyForDeploymentPostprocessing = 0;
		};
/* End PBXFrameworksBuildPhase section */

/* Begin PBXGroup section */
		58DFE9152707CF0000FC6C0D = {
			isa = PBXGroup;
			children = (
				58DFE9202707CF0000FC6C0D /* app4-ViewController */,
				58DFE91F2707CF0000FC6C0D /* Products */,
			);
			sourceTree = "<group>";
		};
		58DFE91F2707CF0000FC6C0D /* Products */ = {
			isa = PBXGroup;
			children = (
				58DFE91E2707CF0000FC6C0D /* app4-ViewController.app */,
			);
			name = Products;
			sourceTree = "<group>";
		};
		58DFE9202707CF0000FC6C0D /* app4-ViewController */ = {
			isa = PBXGroup;
			children = (
				58DFE9212707CF0000FC6C0D /* AppDelegate.swift */,
				58DFE9232707CF0000FC6C0D /* SceneDelegate.swift */,
				58DFE9252707CF0000FC6C0D /* ViewController.swift */,
				58DFE9272707CF0000FC6C0D /* Main.storyboard */,
				58DFE92A2707CF0000FC6C0D /* Assets.xcassets */,
				58DFE92C2707CF0000FC6C0D /* LaunchScreen.storyboard */,
				58DFE92F2707CF0000FC6C0D /* Info.plist */,
				58DFE9362707DE5800FC6C0D /* SegundaViewController.swift */,
			);
			path = "app4-ViewController";
			sourceTree = "<group>";
		};
/* End PBXGroup section */

/* Begin PBXNativeTarget section */
		58DFE91D2707CF0000FC6C0D /* app4-ViewController */ = {
			isa = PBXNativeTarget;
			buildConfigurationList = 58DFE9322707CF0000FC6C0D /* Build configuration list for PBXNativeTarget "app4-ViewController" */;
			buildPhases = (
				58DFE91A2707CF0000FC6C0D /* Sources */,
				58DFE91B2707CF0000FC6C0D /* Frameworks */,
				58DFE91C2707CF0000FC6C0D /* Resources */,
			);
			buildRules = (
			);
			dependencies = (
			);
			name = "app4-ViewController";
			productName = "app4-ViewController";
			productReference = 58DFE91E2707CF0000FC6C0D /* app4-ViewController.app */;
			productType = "com.apple.product-type.application";
		};
/* End PBXNativeTarget section */

/* Begin PBXProject section */
		58DFE9162707CF0000FC6C0D /* Project object */ = {
			isa = PBXProject;
			attributes = {
				LastSwiftUpdateCheck = 1220;
				LastUpgradeCheck = 1220;
				TargetAttributes = {
					58DFE91D2707CF0000FC6C0D = {
						CreatedOnToolsVersion = 12.2;
					};
				};
			};
			buildConfigurationList = 58DFE9192707CF0000FC6C0D /* Build configuration list for PBXProject "app4-ViewController" */;
			compatibilityVersion = "Xcode 9.3";
			developmentRegion = en;
			hasScannedForEncodings = 0;
			knownRegions = (
				en,
				Base,
			);
			mainGroup = 58DFE9152707CF0000FC6C0D;
			productRefGroup = 58DFE91F2707CF0000FC6C0D /* Products */;
			projectDirPath = "";
			projectRoot = "";
			targets = (
				58DFE91D2707CF0000FC6C0D /* app4-ViewController */,
			);
		};
/* End PBXProject section */

/* Begin PBXResourcesBuildPhase section */
		58DFE91C2707CF0000FC6C0D /* Resources */ = {
			isa = PBXResourcesBuildPhase;
			buildActionMask = 2147483647;
			files = (
				58DFE92E2707CF0000FC6C0D /* LaunchScreen.storyboard in Resources */,
				58DFE92B2707CF0000FC6C0D /* Assets.xcassets in Resources */,
				58DFE9292707CF0000FC6C0D /* Main.storyboard in Resources */,
			);
			runOnlyForDeploymentPostprocessing = 0;
		};
/* End PBXResourcesBuildPhase section */

/* Begin PBXSourcesBuildPhase section */
		58DFE91A2707CF0000FC6C0D /* Sources */ = {
			isa = PBXSourcesBuildPhase;
			buildActionMask = 2147483647;
			files = (
				58DFE9372707DE5800FC6C0D /* SegundaViewController.swift in Sources */,
				58DFE9262707CF0000FC6C0D /* ViewController.swift in Sources */,
				58DFE9222707CF0000FC6C0D /* AppDelegate.swift in Sources */,
				58DFE9242707CF0000FC6C0D /* SceneDelegate.swift in Sources */,
			);
			runOnlyForDeploymentPostprocessing = 0;
		};
/* End PBXSourcesBuildPhase section */

/* Begin PBXVariantGroup section */
		58DFE9272707CF0000FC6C0D /* Main.storyboard */ = {
			isa = PBXVariantGroup;
			children = (
				58DFE9282707CF0000FC6C0D /* Base */,
			);
			name = Main.storyboard;
			sourceTree = "<group>";
		};
		58DFE92C2707CF0000FC6C0D /* LaunchScreen.storyboard */ = {
			isa = PBXVariantGroup;
			children = (
				58DFE92D2707CF0000FC6C0D /* Base */,
			);
			name = LaunchScreen.storyboard;
			sourceTree = "<group>";
		};
/* End PBXVariantGroup section */

/* Begin XCBuildConfiguration section */
		58DFE9302707CF0000FC6C0D /* Debug */ = {
			isa = XCBuildConfiguration;
			buildSettings = {
				ALWAYS_SEARCH_USER_PATHS = NO;
				CLANG_ANALYZER_NONNULL = YES;
				CLANG_ANALYZER_NUMBER_OBJECT_CONVERSION = YES_AGGRESSIVE;
				CLANG_CXX_LANGUAGE_STANDARD = "gnu++14";
				CLANG_CXX_LIBRARY = "libc++";
				CLANG_ENABLE_MODULES = YES;
				CLANG_ENABLE_OBJC_ARC = YES;
				CLANG_ENABLE_OBJC_WEAK = YES;
				CLANG_WARN_BLOCK_CAPTURE_AUTORELEASING = YES;
				CLANG_WARN_BOOL_CONVERSION = YES;
				CLANG_WARN_COMMA = YES;
				CLANG_WARN_CONSTANT_CONVERSION = YES;
				CLANG_WARN_DEPRECATED_OBJC_IMPLEMENTATIONS = YES;
				CLANG_WARN_DIRECT_OBJC_ISA_USAGE = YES_ERROR;
				CLANG_WARN_DOCUMENTATION_COMMENTS = YES;
				CLANG_WARN_EMPTY_BODY = YES;
				CLANG_WARN_ENUM_CONVERSION = YES;
				CLANG_WARN_INFINITE_RECURSION = YES;
				CLANG_WARN_INT_CONVERSION = YES;
				CLANG_WARN_NON_LITERAL_NULL_CONVERSION = YES;
				CLANG_WARN_OBJC_IMPLICIT_RETAIN_SELF = YES;
				CLANG_WARN_OBJC_LITERAL_CONVERSION = YES;
				CLANG_WARN_OBJC_ROOT_CLASS = YES_ERROR;
				CLANG_WARN_QUOTED_INCLUDE_IN_FRAMEWORK_HEADER = YES;
				CLANG_WARN_RANGE_LOOP_ANALYSIS = YES;
				CLANG_WARN_STRICT_PROTOTYPES = YES;
				CLANG_WARN_SUSPICIOUS_MOVE = YES;
				CLANG_WARN_UNGUARDED_AVAILABILITY = YES_AGGRESSIVE;
				CLANG_WARN_UNREACHABLE_CODE = YES;
				CLANG_WARN__DUPLICATE_METHOD_MATCH = YES;
				COPY_PHASE_STRIP = NO;
				DEBUG_INFORMATION_FORMAT = dwarf;
				ENABLE_STRICT_OBJC_MSGSEND = YES;
				ENABLE_TESTABILITY = YES;
				GCC_C_LANGUAGE_STANDARD = gnu11;
				GCC_DYNAMIC_NO_PIC = NO;
				GCC_NO_COMMON_BLOCKS = YES;
				GCC_OPTIMIZATION_LEVEL = 0;
				GCC_PREPROCESSOR_DEFINITIONS = (
					"DEBUG=1",
					"$(inherited)",
				);
				GCC_WARN_64_TO_32_BIT_CONVERSION = YES;
				GCC_WARN_ABOUT_RETURN_TYPE = YES_ERROR;
				GCC_WARN_UNDECLARED_SELECTOR = YES;
				GCC_WARN_UNINITIALIZED_AUTOS = YES_AGGRESSIVE;
				GCC_WARN_UNUSED_FUNCTION = YES;
				GCC_WARN_UNUSED_VARIABLE = YES;
				IPHONEOS_DEPLOYMENT_TARGET = 14.2;
				MTL_ENABLE_DEBUG_INFO = INCLUDE_SOURCE;
				MTL_FAST_MATH = YES;
				ONLY_ACTIVE_ARCH = YES;
				SDKROOT = iphoneos;
				SWIFT_ACTIVE_COMPILATION_CONDITIONS = DEBUG;
				SWIFT_OPTIMIZATION_LEVEL = "-Onone";
			};
			name = Debug;
		};
		58DFE9312707CF0000FC6C0D /* Release */ = {
			isa = XCBuildConfiguration;
			buildSettings = {
				ALWAYS_SEARCH_USER_PATHS = NO;
				CLANG_ANALYZER_NONNULL = YES;
				CLANG_ANALYZER_NUMBER_OBJECT_CONVERSION = YES_AGGRESSIVE;
				CLANG_CXX_LANGUAGE_STANDARD = "gnu++14";
				CLANG_CXX_LIBRARY = "libc++";
				CLANG_ENABLE_MODULES = YES;
				CLANG_ENABLE_OBJC_ARC = YES;
				CLANG_ENABLE_OBJC_WEAK = YES;
				CLANG_WARN_BLOCK_CAPTURE_AUTORELEASING = YES;
				CLANG_WARN_BOOL_CONVERSION = YES;
				CLANG_WARN_COMMA = YES;
				CLANG_WARN_CONSTANT_CONVERSION = YES;
				CLANG_WARN_DEPRECATED_OBJC_IMPLEMENTATIONS = YES;
				CLANG_WARN_DIRECT_OBJC_ISA_USAGE = YES_ERROR;
				CLANG_WARN_DOCUMENTATION_COMMENTS = YES;
				CLANG_WARN_EMPTY_BODY = YES;
				CLANG_WARN_ENUM_CONVERSION = YES;
				CLANG_WARN_INFINITE_RECURSION = YES;
				CLANG_WARN_INT_CONVERSION = YES;
				CLANG_WARN_NON_LITERAL_NULL_CONVERSION = YES;
				CLANG_WARN_OBJC_IMPLICIT_RETAIN_SELF = YES;
				CLANG_WARN_OBJC_LITERAL_CONVERSION = YES;
				CLANG_WARN_OBJC_ROOT_CLASS = YES_ERROR;
				CLANG_WARN_QUOTED_INCLUDE_IN_FRAMEWORK_HEADER = YES;
				CLANG_WARN_RANGE_LOOP_ANALYSIS = YES;
				CLANG_WARN_STRICT_PROTOTYPES = YES;
				CLANG_WARN_SUSPICIOUS_MOVE = YES;
				CLANG_WARN_UNGUARDED_AVAILABILITY = YES_AGGRESSIVE;
				CLANG_WARN_UNREACHABLE_CODE = YES;
				CLANG_WARN__DUPLICATE_METHOD_MATCH = YES;
				COPY_PHASE_STRIP = NO;
				DEBUG_INFORMATION_FORMAT = "dwarf-with-dsym";
				ENABLE_NS_ASSERTIONS = NO;
				ENABLE_STRICT_OBJC_MSGSEND = YES;
				GCC_C_LANGUAGE_STANDARD = gnu11;
				GCC_NO_COMMON_BLOCKS = YES;
				GCC_WARN_64_TO_32_BIT_CONVERSION = YES;
				GCC_WARN_ABOUT_RETURN_TYPE = YES_ERROR;
				GCC_WARN_UNDECLARED_SELECTOR = YES;
				GCC_WARN_UNINITIALIZED_AUTOS = YES_AGGRESSIVE;
				GCC_WARN_UNUSED_FUNCTION = YES;
				GCC_WARN_UNUSED_VARIABLE = YES;
				IPHONEOS_DEPLOYMENT_TARGET = 14.2;
				MTL_ENABLE_DEBUG_INFO = NO;
				MTL_FAST_MATH = YES;
				SDKROOT = iphoneos;
				SWIFT_COMPILATION_MODE = wholemodule;
				SWIFT_OPTIMIZATION_LEVEL = "-O";
				VALIDATE_PRODUCT = YES;
			};
			name = Release;
		};
		58DFE9332707CF0000FC6C0D /* Debug */ = {
			isa = XCBuildConfiguration;
			buildSettings = {
				ASSETCATALOG_COMPILER_APPICON_NAME = AppIcon;
				ASSETCATALOG_COMPILER_GLOBAL_ACCENT_COLOR_NAME = AccentColor;
				CODE_SIGN_STYLE = Automatic;
				DEVELOPMENT_TEAM = T57F4TVR74;
				INFOPLIST_FILE = "app4-ViewController/Info.plist";
				LD_RUNPATH_SEARCH_PATHS = (
					"$(inherited)",
					"@executable_path/Frameworks",
				);
				PRODUCT_BUNDLE_IDENTIFIER = "MTWDM.app4-ViewController";
				PRODUCT_NAME = "$(TARGET_NAME)";
				SWIFT_VERSION = 5.0;
				TARGETED_DEVICE_FAMILY = "1,2";
			};
			name = Debug;
		};
		58DFE9342707CF0000FC6C0D /* Release */ = {
			isa = XCBuildConfiguration;
			buildSettings = {
				ASSETCATALOG_COMPILER_APPICON_NAME = AppIcon;
				ASSETCATALOG_COMPILER_GLOBAL_ACCENT_COLOR_NAME = AccentColor;
				CODE_SIGN_STYLE = Automatic;
				DEVELOPMENT_TEAM = T57F4TVR74;
				INFOPLIST_FILE = "app4-ViewController/Info.plist";
				LD_RUNPATH_SEARCH_PATHS = (
					"$(inherited)",
					"@executable_path/Frameworks",
				);
				PRODUCT_BUNDLE_IDENTIFIER = "MTWDM.app4-ViewController";
				PRODUCT_NAME = "$(TARGET_NAME)";
				SWIFT_VERSION = 5.0;
				TARGETED_DEVICE_FAMILY = "1,2";
			};
			name = Release;
		};
/* End XCBuildConfiguration section */

/* Begin XCConfigurationList section */
		58DFE9192707CF0000FC6C0D /* Build configuration list for PBXProject "app4-ViewController" */ = {
			isa = XCConfigurationList;
			buildConfigurations = (
				58DFE9302707CF0000FC6C0D /* Debug */,
				58DFE9312707CF0000FC6C0D /* Release */,
			);
			defaultConfigurationIsVisible = 0;
			defaultConfigurationName = Release;
		};
		58DFE9322707CF0000FC6C0D /* Build configuration list for PBXNativeTarget "app4-ViewController" */ = {
			isa = XCConfigurationList;
			buildConfigurations = (
				58DFE9332707CF0000FC6C0D /* Debug */,
				58DFE9342707CF0000FC6C0D /* Release */,
			);
			defaultConfigurationIsVisible = 0;
			defaultConfigurationName = Release;
		};
/* End XCConfigurationList section */
	};
	rootObject = 58DFE9162707CF0000FC6C0D /* Project object */;
}
